
Microsoft Visual Studio Solution File, Format Version 12.00
# Visual Studio 2013
VisualStudioVersion = 12.0.21005.1
MinimumVisualStudioVersion = 10.0.40219.1
Project("{8BC9CEB8-8B4A-11D0-8D11-00A0C91BC942}") = "Framework", "src\Framework\Framework.vcxproj", "{F2C01297-763B-4658-852F-9F800387B37F}"
EndProject
Project("{8BC9CEB8-8B4A-11D0-8D11-00A0C91BC942}") = "Triangle", "src\Triangle\Triangle.vcxproj", "{2C31487B-F33D-40DA-84B3-35438C769C95}"
EndProject
Global
	GlobalSection(SolutionConfigurationPlatforms) = preSolution
		Debug|Win32 = Debug|Win32
		Release|Win32 = Release|Win32
	EndGlobalSection
	GlobalSection(ProjectConfigurationPlatforms) = postSolution
		{F2C01297-763B-4658-852F-9F800387B37F}.Debug|Win32.ActiveCfg = Debug|Win32
		{F2C01297-763B-4658-852F-9F800387B37F}.Debug|Win32.Build.0 = Debug|Win32
		{F2C01297-763B-4658-852F-9F800387B37F}.Release|Win32.ActiveCfg = Release|Win32
		{F2C01297-763B-4658-852F-9F800387B37F}.Release|Win32.Build.0 = Release|Win32
		{2C31487B-F33D-40DA-84B3-35438C769C95}.Debug|Win32.ActiveCfg = Debug|Win32
		{2C31487B-F33D-40DA-84B3-35438C769C95}.Debug|Win32.Build.0 = Debug|Win32
		{2C31487B-F33D-40DA-84B3-35438C769C95}.Release|Win32.ActiveCfg = Release|Win32
		{2C31487B-F33D-40DA-84B3-35438C769C95}.Release|Win32.Build.0 = Release|Win32
	EndGlobalSection
	GlobalSection(SolutionProperties) = preSolution
		HideSolutionNode = FALSE
	EndGlobalSection
EndGlobal
