<?xml version="1.0" encoding="utf-8"?>
<Project ToolsVersion="4.0" xmlns="http://schemas.microsoft.com/developer/msbuild/2003">
  <ItemGroup>
    <Filter Include="Main">
      <UniqueIdentifier>{23e865d6-77b9-4bf3-a98d-b6bf5943e989}</UniqueIdentifier>
    </Filter>
    <Filter Include="Gui">
      <UniqueIdentifier>{6b43dbe0-fc75-466b-ba28-74c9c6c4166c}</UniqueIdentifier>
    </Filter>
    <Filter Include="Texture">
      <UniqueIdentifier>{e2ce67c0-5188-40c0-8356-2c84c0e49c07}</UniqueIdentifier>
    </Filter>
    <Filter Include="Exception">
      <UniqueIdentifier>{12eb051e-1614-48b3-90ef-313e5b7c69ad}</UniqueIdentifier>
    </Filter>
    <Filter Include="Audio">
      <UniqueIdentifier>{12cb896d-c182-4311-9b96-2ab241ba5493}</UniqueIdentifier>
    </Filter>
    <Filter Include="Shader">
      <UniqueIdentifier>{71ee4bbd-8c16-46b2-8a1e-9fd7a02ef053}</UniqueIdentifier>
    </Filter>
    <Filter Include="Camera">
      <UniqueIdentifier>{a15acce8-169f-4ec3-9b0a-5d0febbcef33}</UniqueIdentifier>
    </Filter>
    <Filter Include="Timer">
      <UniqueIdentifier>{05458c0c-4bc0-49db-bfd8-6428f19a3960}</UniqueIdentifier>
    </Filter>
    <Filter Include="Model">
      <UniqueIdentifier>{4bc7ffc2-83de-4ec7-aba2-c0d0ea879e9f}</UniqueIdentifier>
    </Filter>
  </ItemGroup>
  <ItemGroup>
    <ClCompile Include="..\..\include\d3d\App.cpp">
      <Filter>Main</Filter>
    </ClCompile>
    <ClCompile Include="..\..\include\d3d\Camera.cpp">
      <Filter>Camera</Filter>
    </ClCompile>
    <ClCompile Include="..\..\include\d3d\Font.cpp">
      <Filter>Gui</Filter>
    </ClCompile>
    <ClCompile Include="..\..\include\d3d\Timer.cpp">
      <Filter>Timer</Filter>
    </ClCompile>
    <ClCompile Include="..\..\include\d3d\Shader.cpp">
      <Filter>Shader</Filter>
    </ClCompile>
    <ClCompile Include="..\..\include\d3d\Model.cpp">
      <Filter>Model</Filter>
    </ClCompile>
    <ClCompile Include="..\..\include\d3d\Mesh.cpp">
      <Filter>Model</Filter>
    </ClCompile>
    <ClCompile Include="..\..\include\d3d\Gui.cpp">
      <Filter>Gui</Filter>
    </ClCompile>
  </ItemGroup>
  <ItemGroup>
    <ClInclude Include="..\..\include\d3d\App.h">
      <Filter>Main</Filter>
    </ClInclude>
    <ClInclude Include="..\..\include\d3d\Camera.h">
      <Filter>Camera</Filter>
    </ClInclude>
    <ClInclude Include="..\..\include\d3d\Debug.h">
      <Filter>Exception</Filter>
    </ClInclude>
    <ClInclude Include="..\..\include\d3d\Font.h">
      <Filter>Gui</Filter>
    </ClInclude>
    <ClInclude Include="..\..\include\d3d\Timer.h">
      <Filter>Timer</Filter>
    </ClInclude>
    <ClInclude Include="..\..\include\d3d\Shader.h">
      <Filter>Shader</Filter>
    </ClInclude>
    <ClInclude Include="..\..\include\d3d\Model.h">
      <Filter>Model</Filter>
    </ClInclude>
    <ClInclude Include="..\..\include\d3d\Mesh.h">
      <Filter>Model</Filter>
    </ClInclude>
    <ClInclude Include="..\..\include\d3d\Gui.h">
      <Filter>Gui</Filter>
    </ClInclude>
  </ItemGroup>
</Project>